
Microsoft Visual Studio Solution File, Format Version 12.00
# Visual Studio Version 17
VisualStudioVersion = 17.0.31903.59
MinimumVisualStudioVersion = 10.0.40219.1
Project("{2150E333-8FDC-42A3-9474-1A3956D46DE8}") = "Client", "Client", "{2CB42F12-E813-91B3-7D11-3220E40BEF4A}"
EndProject
Project("{2150E333-8FDC-42A3-9474-1A3956D46DE8}") = "Platforms", "Platforms", "{BF0C33EB-5D5D-B243-CD4D-9162DADCA396}"
EndProject
Project("{2150E333-8FDC-42A3-9474-1A3956D46DE8}") = "WPF", "WPF", "{91130AA9-6BC6-2C94-8B71-2281531003BE}"
EndProject
Project("{FAE04EC0-301F-11D3-BF4B-00C04F79EFBC}") = "AudiSense.Wpf.App", "Client\Platforms\WPF\AudiSense.Wpf.App\AudiSense.Wpf.App.csproj", "{4C0B6BE0-DF82-4437-AE02-E79F3A9DE7EA}"
EndProject
Project("{FAE04EC0-301F-11D3-BF4B-00C04F79EFBC}") = "AudiSense.Wpf.Core", "Client\Platforms\WPF\AudiSense.Wpf.Core\AudiSense.Wpf.Core.csproj", "{306DCDB9-DF7A-49D8-AF60-1555AA4B3270}"
EndProject
Project("{FAE04EC0-301F-11D3-BF4B-00C04F79EFBC}") = "AudiSense.Wpf.Controls", "Client\Platforms\WPF\AudiSense.Wpf.Controls\AudiSense.Wpf.Controls.csproj", "{C2264365-B996-4B23-87DB-7DEF43C03E26}"
EndProject
Project("{FAE04EC0-301F-11D3-BF4B-00C04F79EFBC}") = "AudiSense.Client.Shared", "Client\AudiSense.Client.Shared\AudiSense.Client.Shared.csproj", "{53B5EDAA-149D-43F1-AD1B-20287DFBE3A8}"
EndProject
Project("{2150E333-8FDC-42A3-9474-1A3956D46DE8}") = "Server", "Server", "{8B2F3E7B-4A9C-1E2D-B3C4-9F6D8A7E5C1B}"
EndProject
Project("{2150E333-8FDC-42A3-9474-1A3956D46DE8}") = "Shared", "Shared", "{7D8E9F2A-5B6C-3F4E-A1B2-8C9D6E7F5A3B}"
EndProject
Project("{FAE04EC0-301F-11D3-BF4B-00C04F79EFBC}") = "AudiSense.Api", "Server\AudiSense.Api\AudiSense.Api.csproj", "{6A8B7C9D-4E5F-2A1B-9C8D-3E7F6A9B8C5D}"
EndProject
Project("{FAE04EC0-301F-11D3-BF4B-00C04F79EFBC}") = "AudiSense.Application", "Server\AudiSense.Application\AudiSense.Application.csproj", "{5F9A7B8C-3D4E-1A2B-8C9D-2E6F5A8B7C4D}"
EndProject
Project("{FAE04EC0-301F-11D3-BF4B-00C04F79EFBC}") = "AudiSense.Infrastructure", "Server\AudiSense.Infrastructure\AudiSense.Infrastructure.csproj", "{4E8A6B7C-2D3E-9A1B-7C8D-1E5F4A7B6C3D}"
EndProject
Project("{FAE04EC0-301F-11D3-BF4B-00C04F79EFBC}") = "AudiSense.Domain", "Shared\AudiSense.Domain\AudiSense.Domain.csproj", "{3D7A5B6C-1C2E-8A9B-6C7D-9E4F3A6B5C2D}"
EndProject
Project("{FAE04EC0-301F-11D3-BF4B-00C04F79EFBC}") = "AudiSense.Contracts", "Shared\AudiSense.Contracts\AudiSense.Contracts.csproj", "{2C6A4B5C-9B1E-7A8B-5C6D-8E3F2A5B4C1D}"
EndProject
Global
	GlobalSection(SolutionConfigurationPlatforms) = preSolution
		Debug|Any CPU = Debug|Any CPU
		Debug|x64 = Debug|x64
		Debug|x86 = Debug|x86
		Release|Any CPU = Release|Any CPU
		Release|x64 = Release|x64
		Release|x86 = Release|x86
	EndGlobalSection
	GlobalSection(ProjectConfigurationPlatforms) = postSolution
		{4C0B6BE0-DF82-4437-AE02-E79F3A9DE7EA}.Debug|Any CPU.ActiveCfg = Debug|Any CPU
		{4C0B6BE0-DF82-4437-AE02-E79F3A9DE7EA}.Debug|Any CPU.Build.0 = Debug|Any CPU
		{4C0B6BE0-DF82-4437-AE02-E79F3A9DE7EA}.Debug|x64.ActiveCfg = Debug|Any CPU
		{4C0B6BE0-DF82-4437-AE02-E79F3A9DE7EA}.Debug|x64.Build.0 = Debug|Any CPU
		{4C0B6BE0-DF82-4437-AE02-E79F3A9DE7EA}.Debug|x86.ActiveCfg = Debug|Any CPU
		{4C0B6BE0-DF82-4437-AE02-E79F3A9DE7EA}.Debug|x86.Build.0 = Debug|Any CPU
		{4C0B6BE0-DF82-4437-AE02-E79F3A9DE7EA}.Release|Any CPU.ActiveCfg = Release|Any CPU
		{4C0B6BE0-DF82-4437-AE02-E79F3A9DE7EA}.Release|Any CPU.Build.0 = Release|Any CPU
		{4C0B6BE0-DF82-4437-AE02-E79F3A9DE7EA}.Release|x64.ActiveCfg = Release|Any CPU
		{4C0B6BE0-DF82-4437-AE02-E79F3A9DE7EA}.Release|x64.Build.0 = Release|Any CPU
		{4C0B6BE0-DF82-4437-AE02-E79F3A9DE7EA}.Release|x86.ActiveCfg = Release|Any CPU
		{4C0B6BE0-DF82-4437-AE02-E79F3A9DE7EA}.Release|x86.Build.0 = Release|Any CPU
		{306DCDB9-DF7A-49D8-AF60-1555AA4B3270}.Debug|Any CPU.ActiveCfg = Debug|Any CPU
		{306DCDB9-DF7A-49D8-AF60-1555AA4B3270}.Debug|Any CPU.Build.0 = Debug|Any CPU
		{306DCDB9-DF7A-49D8-AF60-1555AA4B3270}.Debug|x64.ActiveCfg = Debug|Any CPU
		{306DCDB9-DF7A-49D8-AF60-1555AA4B3270}.Debug|x64.Build.0 = Debug|Any CPU
		{306DCDB9-DF7A-49D8-AF60-1555AA4B3270}.Debug|x86.ActiveCfg = Debug|Any CPU
		{306DCDB9-DF7A-49D8-AF60-1555AA4B3270}.Debug|x86.Build.0 = Debug|Any CPU
		{306DCDB9-DF7A-49D8-AF60-1555AA4B3270}.Release|Any CPU.ActiveCfg = Release|Any CPU
		{306DCDB9-DF7A-49D8-AF60-1555AA4B3270}.Release|Any CPU.Build.0 = Release|Any CPU
		{306DCDB9-DF7A-49D8-AF60-1555AA4B3270}.Release|x64.ActiveCfg = Release|Any CPU
		{306DCDB9-DF7A-49D8-AF60-1555AA4B3270}.Release|x64.Build.0 = Release|Any CPU
		{306DCDB9-DF7A-49D8-AF60-1555AA4B3270}.Release|x86.ActiveCfg = Release|Any CPU
		{306DCDB9-DF7A-49D8-AF60-1555AA4B3270}.Release|x86.Build.0 = Release|Any CPU
		{C2264365-B996-4B23-87DB-7DEF43C03E26}.Debug|Any CPU.ActiveCfg = Debug|Any CPU
		{C2264365-B996-4B23-87DB-7DEF43C03E26}.Debug|Any CPU.Build.0 = Debug|Any CPU
		{C2264365-B996-4B23-87DB-7DEF43C03E26}.Debug|x64.ActiveCfg = Debug|Any CPU
		{C2264365-B996-4B23-87DB-7DEF43C03E26}.Debug|x64.Build.0 = Debug|Any CPU
		{C2264365-B996-4B23-87DB-7DEF43C03E26}.Debug|x86.ActiveCfg = Debug|Any CPU
		{C2264365-B996-4B23-87DB-7DEF43C03E26}.Debug|x86.Build.0 = Debug|Any CPU
		{C2264365-B996-4B23-87DB-7DEF43C03E26}.Release|Any CPU.ActiveCfg = Release|Any CPU
		{C2264365-B996-4B23-87DB-7DEF43C03E26}.Release|Any CPU.Build.0 = Release|Any CPU
		{C2264365-B996-4B23-87DB-7DEF43C03E26}.Release|x64.ActiveCfg = Release|Any CPU
		{C2264365-B996-4B23-87DB-7DEF43C03E26}.Release|x64.Build.0 = Release|Any CPU
		{C2264365-B996-4B23-87DB-7DEF43C03E26}.Release|x86.ActiveCfg = Release|Any CPU
		{C2264365-B996-4B23-87DB-7DEF43C03E26}.Release|x86.Build.0 = Release|Any CPU
		{53B5EDAA-149D-43F1-AD1B-20287DFBE3A8}.Debug|Any CPU.ActiveCfg = Debug|Any CPU
		{53B5EDAA-149D-43F1-AD1B-20287DFBE3A8}.Debug|Any CPU.Build.0 = Debug|Any CPU
		{53B5EDAA-149D-43F1-AD1B-20287DFBE3A8}.Debug|x64.ActiveCfg = Debug|Any CPU
		{53B5EDAA-149D-43F1-AD1B-20287DFBE3A8}.Debug|x64.Build.0 = Debug|Any CPU
		{53B5EDAA-149D-43F1-AD1B-20287DFBE3A8}.Debug|x86.ActiveCfg = Debug|Any CPU
		{53B5EDAA-149D-43F1-AD1B-20287DFBE3A8}.Debug|x86.Build.0 = Debug|Any CPU
		{53B5EDAA-149D-43F1-AD1B-20287DFBE3A8}.Release|Any CPU.ActiveCfg = Release|Any CPU
		{53B5EDAA-149D-43F1-AD1B-20287DFBE3A8}.Release|Any CPU.Build.0 = Release|Any CPU
		{53B5EDAA-149D-43F1-AD1B-20287DFBE3A8}.Release|x64.ActiveCfg = Release|Any CPU
		{53B5EDAA-149D-43F1-AD1B-20287DFBE3A8}.Release|x64.Build.0 = Release|Any CPU
		{53B5EDAA-149D-43F1-AD1B-20287DFBE3A8}.Release|x86.ActiveCfg = Release|Any CPU
		{53B5EDAA-149D-43F1-AD1B-20287DFBE3A8}.Release|x86.Build.0 = Release|Any CPU
		{6A8B7C9D-4E5F-2A1B-9C8D-3E7F6A9B8C5D}.Debug|Any CPU.ActiveCfg = Debug|Any CPU
		{6A8B7C9D-4E5F-2A1B-9C8D-3E7F6A9B8C5D}.Debug|Any CPU.Build.0 = Debug|Any CPU
		{6A8B7C9D-4E5F-2A1B-9C8D-3E7F6A9B8C5D}.Debug|x64.ActiveCfg = Debug|Any CPU
		{6A8B7C9D-4E5F-2A1B-9C8D-3E7F6A9B8C5D}.Debug|x64.Build.0 = Debug|Any CPU
		{6A8B7C9D-4E5F-2A1B-9C8D-3E7F6A9B8C5D}.Debug|x86.ActiveCfg = Debug|Any CPU
		{6A8B7C9D-4E5F-2A1B-9C8D-3E7F6A9B8C5D}.Debug|x86.Build.0 = Debug|Any CPU
		{6A8B7C9D-4E5F-2A1B-9C8D-3E7F6A9B8C5D}.Release|Any CPU.ActiveCfg = Release|Any CPU
		{6A8B7C9D-4E5F-2A1B-9C8D-3E7F6A9B8C5D}.Release|Any CPU.Build.0 = Release|Any CPU
		{6A8B7C9D-4E5F-2A1B-9C8D-3E7F6A9B8C5D}.Release|x64.ActiveCfg = Release|Any CPU
		{6A8B7C9D-4E5F-2A1B-9C8D-3E7F6A9B8C5D}.Release|x64.Build.0 = Release|Any CPU
		{6A8B7C9D-4E5F-2A1B-9C8D-3E7F6A9B8C5D}.Release|x86.ActiveCfg = Release|Any CPU
		{6A8B7C9D-4E5F-2A1B-9C8D-3E7F6A9B8C5D}.Release|x86.Build.0 = Release|Any CPU
		{5F9A7B8C-3D4E-1A2B-8C9D-2E6F5A8B7C4D}.Debug|Any CPU.ActiveCfg = Debug|Any CPU
		{5F9A7B8C-3D4E-1A2B-8C9D-2E6F5A8B7C4D}.Debug|Any CPU.Build.0 = Debug|Any CPU
		{5F9A7B8C-3D4E-1A2B-8C9D-2E6F5A8B7C4D}.Debug|x64.ActiveCfg = Debug|Any CPU
		{5F9A7B8C-3D4E-1A2B-8C9D-2E6F5A8B7C4D}.Debug|x64.Build.0 = Debug|Any CPU
		{5F9A7B8C-3D4E-1A2B-8C9D-2E6F5A8B7C4D}.Debug|x86.ActiveCfg = Debug|Any CPU
		{5F9A7B8C-3D4E-1A2B-8C9D-2E6F5A8B7C4D}.Debug|x86.Build.0 = Debug|Any CPU
		{5F9A7B8C-3D4E-1A2B-8C9D-2E6F5A8B7C4D}.Release|Any CPU.ActiveCfg = Release|Any CPU
		{5F9A7B8C-3D4E-1A2B-8C9D-2E6F5A8B7C4D}.Release|Any CPU.Build.0 = Release|Any CPU
		{5F9A7B8C-3D4E-1A2B-8C9D-2E6F5A8B7C4D}.Release|x64.ActiveCfg = Release|Any CPU
		{5F9A7B8C-3D4E-1A2B-8C9D-2E6F5A8B7C4D}.Release|x64.Build.0 = Release|Any CPU
		{5F9A7B8C-3D4E-1A2B-8C9D-2E6F5A8B7C4D}.Release|x86.ActiveCfg = Release|Any CPU
		{5F9A7B8C-3D4E-1A2B-8C9D-2E6F5A8B7C4D}.Release|x86.Build.0 = Release|Any CPU
		{4E8A6B7C-2D3E-9A1B-7C8D-1E5F4A7B6C3D}.Debug|Any CPU.ActiveCfg = Debug|Any CPU
		{4E8A6B7C-2D3E-9A1B-7C8D-1E5F4A7B6C3D}.Debug|Any CPU.Build.0 = Debug|Any CPU
		{4E8A6B7C-2D3E-9A1B-7C8D-1E5F4A7B6C3D}.Debug|x64.ActiveCfg = Debug|Any CPU
		{4E8A6B7C-2D3E-9A1B-7C8D-1E5F4A7B6C3D}.Debug|x64.Build.0 = Debug|Any CPU
		{4E8A6B7C-2D3E-9A1B-7C8D-1E5F4A7B6C3D}.Debug|x86.ActiveCfg = Debug|Any CPU
		{4E8A6B7C-2D3E-9A1B-7C8D-1E5F4A7B6C3D}.Debug|x86.Build.0 = Debug|Any CPU
		{4E8A6B7C-2D3E-9A1B-7C8D-1E5F4A7B6C3D}.Release|Any CPU.ActiveCfg = Release|Any CPU
		{4E8A6B7C-2D3E-9A1B-7C8D-1E5F4A7B6C3D}.Release|Any CPU.Build.0 = Release|Any CPU
		{4E8A6B7C-2D3E-9A1B-7C8D-1E5F4A7B6C3D}.Release|x64.ActiveCfg = Release|Any CPU
		{4E8A6B7C-2D3E-9A1B-7C8D-1E5F4A7B6C3D}.Release|x64.Build.0 = Release|Any CPU
		{4E8A6B7C-2D3E-9A1B-7C8D-1E5F4A7B6C3D}.Release|x86.ActiveCfg = Release|Any CPU
		{4E8A6B7C-2D3E-9A1B-7C8D-1E5F4A7B6C3D}.Release|x86.Build.0 = Release|Any CPU
		{3D7A5B6C-1C2E-8A9B-6C7D-9E4F3A6B5C2D}.Debug|Any CPU.ActiveCfg = Debug|Any CPU
		{3D7A5B6C-1C2E-8A9B-6C7D-9E4F3A6B5C2D}.Debug|Any CPU.Build.0 = Debug|Any CPU
		{3D7A5B6C-1C2E-8A9B-6C7D-9E4F3A6B5C2D}.Debug|x64.ActiveCfg = Debug|Any CPU
		{3D7A5B6C-1C2E-8A9B-6C7D-9E4F3A6B5C2D}.Debug|x64.Build.0 = Debug|Any CPU
		{3D7A5B6C-1C2E-8A9B-6C7D-9E4F3A6B5C2D}.Debug|x86.ActiveCfg = Debug|Any CPU
		{3D7A5B6C-1C2E-8A9B-6C7D-9E4F3A6B5C2D}.Debug|x86.Build.0 = Debug|Any CPU
		{3D7A5B6C-1C2E-8A9B-6C7D-9E4F3A6B5C2D}.Release|Any CPU.ActiveCfg = Release|Any CPU
		{3D7A5B6C-1C2E-8A9B-6C7D-9E4F3A6B5C2D}.Release|Any CPU.Build.0 = Release|Any CPU
		{3D7A5B6C-1C2E-8A9B-6C7D-9E4F3A6B5C2D}.Release|x64.ActiveCfg = Release|Any CPU
		{3D7A5B6C-1C2E-8A9B-6C7D-9E4F3A6B5C2D}.Release|x64.Build.0 = Release|Any CPU
		{3D7A5B6C-1C2E-8A9B-6C7D-9E4F3A6B5C2D}.Release|x86.ActiveCfg = Release|Any CPU
		{3D7A5B6C-1C2E-8A9B-6C7D-9E4F3A6B5C2D}.Release|x86.Build.0 = Release|Any CPU
		{2C6A4B5C-9B1E-7A8B-5C6D-8E3F2A5B4C1D}.Debug|Any CPU.ActiveCfg = Debug|Any CPU
		{2C6A4B5C-9B1E-7A8B-5C6D-8E3F2A5B4C1D}.Debug|Any CPU.Build.0 = Debug|Any CPU
		{2C6A4B5C-9B1E-7A8B-5C6D-8E3F2A5B4C1D}.Debug|x64.ActiveCfg = Debug|Any CPU
		{2C6A4B5C-9B1E-7A8B-5C6D-8E3F2A5B4C1D}.Debug|x64.Build.0 = Debug|Any CPU
		{2C6A4B5C-9B1E-7A8B-5C6D-8E3F2A5B4C1D}.Debug|x86.ActiveCfg = Debug|Any CPU
		{2C6A4B5C-9B1E-7A8B-5C6D-8E3F2A5B4C1D}.Debug|x86.Build.0 = Debug|Any CPU
		{2C6A4B5C-9B1E-7A8B-5C6D-8E3F2A5B4C1D}.Release|Any CPU.ActiveCfg = Release|Any CPU
		{2C6A4B5C-9B1E-7A8B-5C6D-8E3F2A5B4C1D}.Release|Any CPU.Build.0 = Release|Any CPU
		{2C6A4B5C-9B1E-7A8B-5C6D-8E3F2A5B4C1D}.Release|x64.ActiveCfg = Release|Any CPU
		{2C6A4B5C-9B1E-7A8B-5C6D-8E3F2A5B4C1D}.Release|x64.Build.0 = Release|Any CPU
		{2C6A4B5C-9B1E-7A8B-5C6D-8E3F2A5B4C1D}.Release|x86.ActiveCfg = Release|Any CPU
		{2C6A4B5C-9B1E-7A8B-5C6D-8E3F2A5B4C1D}.Release|x86.Build.0 = Release|Any CPU
	EndGlobalSection
	GlobalSection(SolutionProperties) = preSolution
		HideSolutionNode = FALSE
	EndGlobalSection
	GlobalSection(NestedProjects) = preSolution
		{BF0C33EB-5D5D-B243-CD4D-9162DADCA396} = {2CB42F12-E813-91B3-7D11-3220E40BEF4A}
		{91130AA9-6BC6-2C94-8B71-2281531003BE} = {BF0C33EB-5D5D-B243-CD4D-9162DADCA396}
		{4C0B6BE0-DF82-4437-AE02-E79F3A9DE7EA} = {91130AA9-6BC6-2C94-8B71-2281531003BE}
		{306DCDB9-DF7A-49D8-AF60-1555AA4B3270} = {91130AA9-6BC6-2C94-8B71-2281531003BE}
		{C2264365-B996-4B23-87DB-7DEF43C03E26} = {91130AA9-6BC6-2C94-8B71-2281531003BE}
		{53B5EDAA-149D-43F1-AD1B-20287DFBE3A8} = {2CB42F12-E813-91B3-7D11-3220E40BEF4A}
		{6A8B7C9D-4E5F-2A1B-9C8D-3E7F6A9B8C5D} = {8B2F3E7B-4A9C-1E2D-B3C4-9F6D8A7E5C1B}
		{5F9A7B8C-3D4E-1A2B-8C9D-2E6F5A8B7C4D} = {8B2F3E7B-4A9C-1E2D-B3C4-9F6D8A7E5C1B}
		{4E8A6B7C-2D3E-9A1B-7C8D-1E5F4A7B6C3D} = {8B2F3E7B-4A9C-1E2D-B3C4-9F6D8A7E5C1B}
		{3D7A5B6C-1C2E-8A9B-6C7D-9E4F3A6B5C2D} = {7D8E9F2A-5B6C-3F4E-A1B2-8C9D6E7F5A3B}
		{2C6A4B5C-9B1E-7A8B-5C6D-8E3F2A5B4C1D} = {7D8E9F2A-5B6C-3F4E-A1B2-8C9D6E7F5A3B}
	EndGlobalSection
EndGlobal
